
Microsoft Visual Studio Solution File, Format Version 12.00
# Visual Studio 2013
VisualStudioVersion = 12.0.30501.0
MinimumVisualStudioVersion = 10.0.40219.1
Project("{FAE04EC0-301F-11D3-BF4B-00C04F79EFBC}") = "Settler", "settler\Settler.csproj", "{F92C330A-9C96-4031-87C1-1C7622055206}"
EndProject
Project("{FAE04EC0-301F-11D3-BF4B-00C04F79EFBC}") = "SettlerTest", "SettlerTest\SettlerTest.csproj", "{E3176179-D024-448E-BE7E-DCFCBE23B8ED}"
EndProject
Global
	GlobalSection(SolutionConfigurationPlatforms) = preSolution
		Debug|Any CPU = Debug|Any CPU
		Release|Any CPU = Release|Any CPU
	EndGlobalSection
	GlobalSection(ProjectConfigurationPlatforms) = postSolution
		{F92C330A-9C96-4031-87C1-1C7622055206}.Debug|Any CPU.ActiveCfg = Debug|Any CPU
		{F92C330A-9C96-4031-87C1-1C7622055206}.Debug|Any CPU.Build.0 = Debug|Any CPU
		{F92C330A-9C96-4031-87C1-1C7622055206}.Release|Any CPU.ActiveCfg = Release|Any CPU
		{F92C330A-9C96-4031-87C1-1C7622055206}.Release|Any CPU.Build.0 = Release|Any CPU
		{E3176179-D024-448E-BE7E-DCFCBE23B8ED}.Debug|Any CPU.ActiveCfg = Debug|Any CPU
		{E3176179-D024-448E-BE7E-DCFCBE23B8ED}.Debug|Any CPU.Build.0 = Debug|Any CPU
		{E3176179-D024-448E-BE7E-DCFCBE23B8ED}.Release|Any CPU.ActiveCfg = Release|Any CPU
		{E3176179-D024-448E-BE7E-DCFCBE23B8ED}.Release|Any CPU.Build.0 = Release|Any CPU
	EndGlobalSection
	GlobalSection(SolutionProperties) = preSolution
		HideSolutionNode = FALSE
	EndGlobalSection
EndGlobal
